
Microsoft Visual Studio Solution File, Format Version 12.00
# Visual Studio Version 17
VisualStudioVersion = 17.0.31903.59
MinimumVisualStudioVersion = 10.0.40219.1
Project("{FAE04EC0-301F-11D3-BF4B-00C04F79EFBC}") = "QCore.Application", "QCore.Application\QCore.Application.csproj", "{63E38A40-965E-4E0D-94A4-83CB9474AACC}"
EndProject
Project("{FAE04EC0-301F-11D3-BF4B-00C04F79EFBC}") = "QCore.Domain", "QCore.Domain\QCore.Domain.csproj", "{9C7EBADD-8855-46ED-A6AC-C6DCCB134EDF}"
EndProject
Project("{FAE04EC0-301F-11D3-BF4B-00C04F79EFBC}") = "QCore.Infrastructure", "QCore.Infrastructure\QCore.Infrastructure.csproj", "{2B226EA2-F7A2-4FD6-ACF8-9AA551DAA79B}"
EndProject
Project("{FAE04EC0-301F-11D3-BF4B-00C04F79EFBC}") = "QCore.CrossCuttingConcerns", "QCore.CrossCuttingConcerns\QCore.CrossCuttingConcerns.csproj", "{A870594F-BFF6-44F1-977F-CFED34563044}"
EndProject
Project("{FAE04EC0-301F-11D3-BF4B-00C04F79EFBC}") = "QCore.Persistence", "QCore.Persistence\QCore.Persistence.csproj", "{9DBE1F0D-3084-43E1-8E6F-320D7044481C}"
EndProject
Global
	GlobalSection(SolutionConfigurationPlatforms) = preSolution
		Debug|Any CPU = Debug|Any CPU
		Release|Any CPU = Release|Any CPU
	EndGlobalSection
	GlobalSection(SolutionProperties) = preSolution
		HideSolutionNode = FALSE
	EndGlobalSection
	GlobalSection(ProjectConfigurationPlatforms) = postSolution
		{63E38A40-965E-4E0D-94A4-83CB9474AACC}.Debug|Any CPU.ActiveCfg = Debug|Any CPU
		{63E38A40-965E-4E0D-94A4-83CB9474AACC}.Debug|Any CPU.Build.0 = Debug|Any CPU
		{63E38A40-965E-4E0D-94A4-83CB9474AACC}.Release|Any CPU.ActiveCfg = Release|Any CPU
		{63E38A40-965E-4E0D-94A4-83CB9474AACC}.Release|Any CPU.Build.0 = Release|Any CPU
		{9C7EBADD-8855-46ED-A6AC-C6DCCB134EDF}.Debug|Any CPU.ActiveCfg = Debug|Any CPU
		{9C7EBADD-8855-46ED-A6AC-C6DCCB134EDF}.Debug|Any CPU.Build.0 = Debug|Any CPU
		{9C7EBADD-8855-46ED-A6AC-C6DCCB134EDF}.Release|Any CPU.ActiveCfg = Release|Any CPU
		{9C7EBADD-8855-46ED-A6AC-C6DCCB134EDF}.Release|Any CPU.Build.0 = Release|Any CPU
		{2B226EA2-F7A2-4FD6-ACF8-9AA551DAA79B}.Debug|Any CPU.ActiveCfg = Debug|Any CPU
		{2B226EA2-F7A2-4FD6-ACF8-9AA551DAA79B}.Debug|Any CPU.Build.0 = Debug|Any CPU
		{2B226EA2-F7A2-4FD6-ACF8-9AA551DAA79B}.Release|Any CPU.ActiveCfg = Release|Any CPU
		{2B226EA2-F7A2-4FD6-ACF8-9AA551DAA79B}.Release|Any CPU.Build.0 = Release|Any CPU
		{A870594F-BFF6-44F1-977F-CFED34563044}.Debug|Any CPU.ActiveCfg = Debug|Any CPU
		{A870594F-BFF6-44F1-977F-CFED34563044}.Debug|Any CPU.Build.0 = Debug|Any CPU
		{A870594F-BFF6-44F1-977F-CFED34563044}.Release|Any CPU.ActiveCfg = Release|Any CPU
		{A870594F-BFF6-44F1-977F-CFED34563044}.Release|Any CPU.Build.0 = Release|Any CPU
		{9DBE1F0D-3084-43E1-8E6F-320D7044481C}.Debug|Any CPU.ActiveCfg = Debug|Any CPU
		{9DBE1F0D-3084-43E1-8E6F-320D7044481C}.Debug|Any CPU.Build.0 = Debug|Any CPU
		{9DBE1F0D-3084-43E1-8E6F-320D7044481C}.Release|Any CPU.ActiveCfg = Release|Any CPU
		{9DBE1F0D-3084-43E1-8E6F-320D7044481C}.Release|Any CPU.Build.0 = Release|Any CPU
	EndGlobalSection
EndGlobal
